{
  "nodes": {
    "binutils-gdb": {
      "flake": false,
      "locked": {
        "lastModified": 1777434837,
        "narHash": "sha256-vbyDZJ7dErvUokfJXA4MOOSWsxcQ67igZSSHrq/+Vjg=",
        "owner": "CE-Programming",
        "repo": "binutils-gdb",
        "rev": "89a8b007f165b69450da4dbf82a55bc1fc28703b",
        "type": "github"
      },
      "original": {
        "owner": "CE-Programming",
        "repo": "binutils-gdb",
        "type": "github"
      }
    },
    "cemu-ti": {
      "flake": false,
      "locked": {
        "lastModified": 1789148716,
        "narHash": "sha256-Es2OqdzXYA+ZtiwP0es2/SXGpcT5PSXzVwPjkn63IFU=",
        "ref": "refs/heads/master",
        "rev": "fb10bfea6f5557a9d3696db6f822a72806b60cc8",
        "revCount": 2700,
        "submodules": true,
        "type": "git",
        "url": "https://github.com/CE-Programming/CEmu"
      },
      "original": {
        "submodules": true,
        "type": "git",
        "url": "https://github.com/CE-Programming/CEmu"
      }
    },
    "convbin": {
      "flake": false,
      "locked": {
        "lastModified": 1781017205,
        "narHash": "sha256-NPCWJikafZaQ7AY2WAW6jjEVu6MUYEKQB7PHTM55bg8=",
        "ref": "refs/heads/master",
        "rev": "ba4e4a4ee4be8c86ec7ed48f156a98fcf696536c",
        "revCount": 204,
        "submodules": true,
        "type": "git",
        "url": "https://github.com/mateoconlechuga/convbin"
      },
      "original": {
        "submodules": true,
        "type": "git",
        "url": "https://github.com/mateoconlechuga/convbin"
      }
    },
    "flake-utils": {
      "inputs": {
        "systems": "systems"
      },
      "locked": {
        "lastModified": 1731533236,
        "narHash": "sha256-l0KFg5HjrsfsO/JpG+r7fRrqm12kzFHyUHqHCVpMMbI=",
        "owner": "numtide",
        "repo": "flake-utils",
        "rev": "11707dc2f618dd54ca8739b309ec4fc024de578b",
        "type": "github"
      },
      "original": {
        "owner": "numtide",
        "repo": "flake-utils",
        "type": "github"
      }
    },
    "flake-utils_2": {
      "inputs": {
        "systems": "systems_2"
      },
      "locked": {
        "lastModified": 1731533236,
        "narHash": "sha256-l0KFg5HjrsfsO/JpG+r7fRrqm12kzFHyUHqHCVpMMbI=",
        "owner": "numtide",
        "repo": "flake-utils",
        "rev": "11707dc2f618dd54ca8739b309ec4fc024de578b",
        "type": "github"
      },
      "original": {
        "owner": "numtide",
        "repo": "flake-utils",
        "type": "github"
      }
    },
    "llvm-ez80": {
      "flake": false,
      "locked": {
        "lastModified": 1786631516,
        "narHash": "sha256-hrKUcqi0V/uHQlG4i2X3s+6QjBd99zgSEPgILMISwfs=",
        "owner": "CE-Programming",
        "repo": "llvm-project",
        "rev": "30cc65df902905b2f7903fd0e5391aea18cbe01e",
        "type": "github"
      },
      "original": {
        "owner": "CE-Programming",
        "repo": "llvm-project",
        "type": "github"
      }
    },
    "nixpkgs": {
      "locked": {
        "lastModified": 1790185690,
        "narHash": "sha256-xJ+X4hBtOcAFGBOe5nAMyMUeF9foJBmIOu3NjBqBycU=",
        "owner": "nixos",
        "repo": "nixpkgs",
        "rev": "4975466d324710c576dc11ad614684e6bd8cad8e",
        "type": "github"
      },
      "original": {
        "owner": "nixos",
        "ref": "nixos-unstable",
        "repo": "nixpkgs",
        "type": "github"
      }
    },
    "root": {
      "inputs": {
        "flake-utils": "flake-utils",
        "nixpkgs": "nixpkgs",
        "tice-rust": "tice-rust",
        "toolchain": "toolchain"
      }
    },
    "rust-overlay": {
      "inputs": {
        "nixpkgs": [
          "tice-rust",
          "nixpkgs"
        ]
      },
      "locked": {
        "lastModified": 1788938153,
        "narHash": "sha256-czAKV0qN7TtdlGIREdDAJmoATGH0lfF7wNO8OMVToCw=",
        "owner": "oxalica",
        "repo": "rust-overlay",
        "rev": "5280ed136f4359ce3f977b0c4c4dab6a34254201",
        "type": "github"
      },
      "original": {
        "owner": "oxalica",
        "repo": "rust-overlay",
        "type": "github"
      }
    },
    "systems": {
      "locked": {
        "lastModified": 1681028828,
        "narHash": "sha256-Vy1rq5AaRuLzOxct8nz4T6wlgyUR7zLU309k9mBC768=",
        "owner": "nix-systems",
        "repo": "default",
        "rev": "da67096a3b9bf56a91d16901293e51ba5b49a27e",
        "type": "github"
      },
      "original": {
        "owner": "nix-systems",
        "repo": "default",
        "type": "github"
      }
    },
    "systems_2": {
      "locked": {
        "lastModified": 1681028828,
        "narHash": "sha256-Vy1rq5AaRuLzOxct8nz4T6wlgyUR7zLU309k9mBC768=",
        "owner": "nix-systems",
        "repo": "default",
        "rev": "da67096a3b9bf56a91d16901293e51ba5b49a27e",
        "type": "github"
      },
      "original": {
        "owner": "nix-systems",
        "repo": "default",
        "type": "github"
      }
    },
    "tice-rust": {
      "inputs": {
        "flake-utils": [
          "flake-utils"
        ],
        "nixpkgs": [
          "nixpkgs"
        ],
        "rust-overlay": "rust-overlay",
        "toolchain": [
          "toolchain"
        ]
      },
      "locked": {
        "lastModified": 1789780458,
        "narHash": "sha256-aHbLmTppirDt8Fspi5v9LU7cgs8aoxWxc6JDfHtg4gg=",
        "owner": "the-pink-hacker",
        "repo": "tice-rust",
        "rev": "f9325028e21450c7e8e7122c3cbcad72cd24a1e7",
        "type": "github"
      },
      "original": {
        "owner": "the-pink-hacker",
        "repo": "tice-rust",
        "type": "github"
      }
    },
    "toolchain": {
      "inputs": {
        "binutils-gdb": "binutils-gdb",
        "cemu-ti": "cemu-ti",
        "convbin": "convbin",
        "flake-utils": "flake-utils_2",
        "llvm-ez80": "llvm-ez80",
        "nixpkgs": [
          "nixpkgs"
        ],
        "toolchain": "toolchain_2"
      },
      "locked": {
        "lastModified": 1790321952,
        "narHash": "sha256-abXk/Te71IyeFiM/ZaaodYQ89eVR5SeDXtQPf9gQUIw=",
        "owner": "the-pink-hacker",
        "repo": "ce-toolchain-nix",
        "rev": "0af921e381fc0d7cd7a9fe25d0c38c9115abbb7c",
        "type": "github"
      },
      "original": {
        "owner": "the-pink-hacker",
        "repo": "ce-toolchain-nix",
        "type": "github"
      }
    },
    "toolchain_2": {
      "flake": false,
      "locked": {
        "lastModified": 1789499868,
        "narHash": "sha256-EHFNcz5VsMV6D8AbS3GvERtjeiyH/S0rBIH+uD4ye8w=",
        "ref": "refs/heads/master",
        "rev": "a4076a64af9f02d12b2b3b9f232b382de4204b40",
        "revCount": 3347,
        "submodules": true,
        "type": "git",
        "url": "https://github.com/CE-Programming/toolchain"
      },
      "original": {
        "submodules": true,
        "type": "git",
        "url": "https://github.com/CE-Programming/toolchain"
      }
    }
  },
  "root": "root",
  "version": 7
}
