{
  "nodes": {
    "binutils-gdb": {
      "flake": false,
      "locked": {
        "lastModified": 1777434837,
        "narHash": "sha256-vbyDZJ7dErvUokfJXA4MOOSWsxcQ67igZSSHrq/+Vjg=",
        "owner": "CE-Programming",
        "repo": "binutils-gdb",
        "rev": "89a8b007f165b69450da4dbf82a55bc1fc28703b",
        "type": "github"
      },
      "original": {
        "owner": "CE-Programming",
        "repo": "binutils-gdb",
        "type": "github"
      }
    },
    "cemu-ti": {
      "flake": false,
      "locked": {
        "lastModified": 1788133081,
        "narHash": "sha256-FhCZNV439/Lr8dBwscJ/sGqto7heOFcDy5SOMmF3ROA=",
        "ref": "refs/heads/master",
        "rev": "4a945888bca7af1a5cf4b1d2c86426bc3637feea",
        "revCount": 2698,
        "submodules": true,
        "type": "git",
        "url": "https://github.com/CE-Programming/CEmu"
      },
      "original": {
        "submodules": true,
        "type": "git",
        "url": "https://github.com/CE-Programming/CEmu"
      }
    },
    "convbin": {
      "flake": false,
      "locked": {
        "lastModified": 1781017205,
        "narHash": "sha256-NPCWJikafZaQ7AY2WAW6jjEVu6MUYEKQB7PHTM55bg8=",
        "ref": "refs/heads/master",
        "rev": "ba4e4a4ee4be8c86ec7ed48f156a98fcf696536c",
        "revCount": 204,
        "submodules": true,
        "type": "git",
        "url": "https://github.com/mateoconlechuga/convbin"
      },
      "original": {
        "submodules": true,
        "type": "git",
        "url": "https://github.com/mateoconlechuga/convbin"
      }
    },
    "flake-utils": {
      "inputs": {
        "systems": "systems"
      },
      "locked": {
        "lastModified": 1731533236,
        "narHash": "sha256-l0KFg5HjrsfsO/JpG+r7fRrqm12kzFHyUHqHCVpMMbI=",
        "owner": "numtide",
        "repo": "flake-utils",
        "rev": "11707dc2f618dd54ca8739b309ec4fc024de578b",
        "type": "github"
      },
      "original": {
        "owner": "numtide",
        "repo": "flake-utils",
        "type": "github"
      }
    },
    "flake-utils_2": {
      "inputs": {
        "systems": "systems_2"
      },
      "locked": {
        "lastModified": 1731533236,
        "narHash": "sha256-l0KFg5HjrsfsO/JpG+r7fRrqm12kzFHyUHqHCVpMMbI=",
        "owner": "numtide",
        "repo": "flake-utils",
        "rev": "11707dc2f618dd54ca8739b309ec4fc024de578b",
        "type": "github"
      },
      "original": {
        "owner": "numtide",
        "repo": "flake-utils",
        "type": "github"
      }
    },
    "llvm-ez80": {
      "flake": false,
      "locked": {
        "lastModified": 1786631516,
        "narHash": "sha256-hrKUcqi0V/uHQlG4i2X3s+6QjBd99zgSEPgILMISwfs=",
        "owner": "CE-Programming",
        "repo": "llvm-project",
        "rev": "30cc65df902905b2f7903fd0e5391aea18cbe01e",
        "type": "github"
      },
      "original": {
        "owner": "CE-Programming",
        "repo": "llvm-project",
        "type": "github"
      }
    },
    "nixpkgs": {
      "locked": {
        "lastModified": 1788404924,
        "narHash": "sha256-lhEhY8X5EgkQ/eg6IFz4cc8jRuSYSvnxx1al7d1dvZ0=",
        "owner": "nixos",
        "repo": "nixpkgs",
        "rev": "0968519e14f7aa7d3e9b389682bd74d2b51c8ce8",
        "type": "github"
      },
      "original": {
        "owner": "nixos",
        "ref": "nixos-unstable",
        "repo": "nixpkgs",
        "type": "github"
      }
    },
    "root": {
      "inputs": {
        "flake-utils": "flake-utils",
        "nixpkgs": "nixpkgs",
        "tice-rust": "tice-rust",
        "toolchain": "toolchain"
      }
    },
    "rust-overlay": {
      "inputs": {
        "nixpkgs": [
          "tice-rust",
          "nixpkgs"
        ]
      },
      "locked": {
        "lastModified": 1789110695,
        "narHash": "sha256-llh6ZJN8/G4QCED9m6nHEfWhz2ONOzkKyvWHivNqW7A=",
        "owner": "oxalica",
        "repo": "rust-overlay",
        "rev": "ab777f900c3de943e117eb4814ddff6f645b28ad",
        "type": "github"
      },
      "original": {
        "owner": "oxalica",
        "repo": "rust-overlay",
        "type": "github"
      }
    },
    "systems": {
      "locked": {
        "lastModified": 1681028828,
        "narHash": "sha256-Vy1rq5AaRuLzOxct8nz4T6wlgyUR7zLU309k9mBC768=",
        "owner": "nix-systems",
        "repo": "default",
        "rev": "da67096a3b9bf56a91d16901293e51ba5b49a27e",
        "type": "github"
      },
      "original": {
        "owner": "nix-systems",
        "repo": "default",
        "type": "github"
      }
    },
    "systems_2": {
      "locked": {
        "lastModified": 1681028828,
        "narHash": "sha256-Vy1rq5AaRuLzOxct8nz4T6wlgyUR7zLU309k9mBC768=",
        "owner": "nix-systems",
        "repo": "default",
        "rev": "da67096a3b9bf56a91d16901293e51ba5b49a27e",
        "type": "github"
      },
      "original": {
        "owner": "nix-systems",
        "repo": "default",
        "type": "github"
      }
    },
    "tice-rust": {
      "inputs": {
        "flake-utils": [
          "flake-utils"
        ],
        "nixpkgs": [
          "nixpkgs"
        ],
        "rust-overlay": "rust-overlay",
        "toolchain": [
          "toolchain"
        ]
      },
      "locked": {
        "lastModified": 1789016928,
        "narHash": "sha256-NIH74t0bywrT8aA0ew6ExqDrn25dkmntpDJlUYj5h4I=",
        "owner": "the-pink-hacker",
        "repo": "tice-rust",
        "rev": "1f68305b675647628a101e0d0a70bf213f74b7b9",
        "type": "github"
      },
      "original": {
        "owner": "the-pink-hacker",
        "repo": "tice-rust",
        "type": "github"
      }
    },
    "toolchain": {
      "inputs": {
        "binutils-gdb": "binutils-gdb",
        "cemu-ti": "cemu-ti",
        "convbin": "convbin",
        "flake-utils": "flake-utils_2",
        "llvm-ez80": "llvm-ez80",
        "nixpkgs": [
          "nixpkgs"
        ],
        "toolchain": "toolchain_2"
      },
      "locked": {
        "lastModified": 1788575048,
        "narHash": "sha256-FDbrR2rU8Oa36SWb/uePvACuxv/Ki9/P1A8qW+WGufE=",
        "owner": "the-pink-hacker",
        "repo": "ce-toolchain-nix",
        "rev": "6afaa3f948cb311d53523d1e4d8af9fa315396a8",
        "type": "github"
      },
      "original": {
        "owner": "the-pink-hacker",
        "repo": "ce-toolchain-nix",
        "type": "github"
      }
    },
    "toolchain_2": {
      "flake": false,
      "locked": {
        "lastModified": 1784834814,
        "narHash": "sha256-XTnrt8+9kQYwlPjwGKcG6Lc+j+3R4aZti5qDq2U85IU=",
        "ref": "refs/heads/master",
        "rev": "ca0936c9ddedfe1fed96a0769a42aebf4fa4aedd",
        "revCount": 3345,
        "submodules": true,
        "type": "git",
        "url": "https://github.com/CE-Programming/toolchain"
      },
      "original": {
        "submodules": true,
        "type": "git",
        "url": "https://github.com/CE-Programming/toolchain"
      }
    }
  },
  "root": "root",
  "version": 7
}
