{
  "nodes": {
    "binutils-gdb": {
      "flake": false,
      "locked": {
        "lastModified": 1769820397,
        "narHash": "sha256-3ZvgnU/etooW3o9497/LoMyJmMnWIEhMvBPIdBgrJfQ=",
        "owner": "CE-Programming",
        "repo": "binutils-gdb",
        "rev": "bdf0e52cab29cd946beb4f785330cbc35a98b9c2",
        "type": "github"
      },
      "original": {
        "owner": "CE-Programming",
        "repo": "binutils-gdb",
        "type": "github"
      }
    },
    "cemu-ti": {
      "flake": false,
      "locked": {
        "lastModified": 1771552212,
        "narHash": "sha256-qjrsxi6UWShvVcHm4s6D6kOpl8HtGa8MIwnYMR5PRmA=",
        "ref": "refs/heads/master",
        "rev": "73a4cb0c1ae2a9d5c8d70ccb5f02c5705ad1871b",
        "revCount": 2610,
        "submodules": true,
        "type": "git",
        "url": "https://github.com/CE-Programming/CEmu"
      },
      "original": {
        "submodules": true,
        "type": "git",
        "url": "https://github.com/CE-Programming/CEmu"
      }
    },
    "convbin": {
      "flake": false,
      "locked": {
        "lastModified": 1771184189,
        "narHash": "sha256-SVDUDPMUC2IMe5pxPP0qDKK6CBKJOMMC9FrQfKTKkUM=",
        "ref": "refs/heads/master",
        "rev": "491deb76a84fa7db87ad7c8c745e68f84b0447e1",
        "revCount": 193,
        "submodules": true,
        "type": "git",
        "url": "https://github.com/mateoconlechuga/convbin"
      },
      "original": {
        "submodules": true,
        "type": "git",
        "url": "https://github.com/mateoconlechuga/convbin"
      }
    },
    "flake-utils": {
      "inputs": {
        "systems": "systems"
      },
      "locked": {
        "lastModified": 1731533236,
        "narHash": "sha256-l0KFg5HjrsfsO/JpG+r7fRrqm12kzFHyUHqHCVpMMbI=",
        "owner": "numtide",
        "repo": "flake-utils",
        "rev": "11707dc2f618dd54ca8739b309ec4fc024de578b",
        "type": "github"
      },
      "original": {
        "owner": "numtide",
        "repo": "flake-utils",
        "type": "github"
      }
    },
    "flake-utils_2": {
      "inputs": {
        "systems": "systems_2"
      },
      "locked": {
        "lastModified": 1731533236,
        "narHash": "sha256-l0KFg5HjrsfsO/JpG+r7fRrqm12kzFHyUHqHCVpMMbI=",
        "owner": "numtide",
        "repo": "flake-utils",
        "rev": "11707dc2f618dd54ca8739b309ec4fc024de578b",
        "type": "github"
      },
      "original": {
        "owner": "numtide",
        "repo": "flake-utils",
        "type": "github"
      }
    },
    "llvm-ez80": {
      "flake": false,
      "locked": {
        "lastModified": 1771018578,
        "narHash": "sha256-Q01AEAHlakEpGhyQUumk2bvVlcjj0utF0IaspSByCKc=",
        "owner": "CE-Programming",
        "repo": "llvm-project",
        "rev": "597d8a64bab48229cd5aed3ba398ea4cd6244428",
        "type": "github"
      },
      "original": {
        "owner": "CE-Programming",
        "repo": "llvm-project",
        "type": "github"
      }
    },
    "nixpkgs": {
      "locked": {
        "lastModified": 1787001381,
        "narHash": "sha256-Ue1Yo8gfHdD4TMtNewhA4tkSYeFqXThju0nCyJc3ALo=",
        "owner": "nixos",
        "repo": "nixpkgs",
        "rev": "ec2d622de0773551768cf98f3fc50cbcc003b9c5",
        "type": "github"
      },
      "original": {
        "owner": "nixos",
        "ref": "nixos-unstable",
        "repo": "nixpkgs",
        "type": "github"
      }
    },
    "root": {
      "inputs": {
        "flake-utils": "flake-utils",
        "nixpkgs": "nixpkgs",
        "rust-overlay": "rust-overlay",
        "toolchain": "toolchain"
      }
    },
    "rust-overlay": {
      "inputs": {
        "nixpkgs": [
          "nixpkgs"
        ]
      },
      "locked": {
        "lastModified": 1787022047,
        "narHash": "sha256-wNlYM/obKOkkRELrOfto1JT5CRANR6hB/RjOELp223U=",
        "owner": "oxalica",
        "repo": "rust-overlay",
        "rev": "b32685dd7c5a965aa8273adb7ddaf7f5b40d0faa",
        "type": "github"
      },
      "original": {
        "owner": "oxalica",
        "repo": "rust-overlay",
        "type": "github"
      }
    },
    "systems": {
      "locked": {
        "lastModified": 1681028828,
        "narHash": "sha256-Vy1rq5AaRuLzOxct8nz4T6wlgyUR7zLU309k9mBC768=",
        "owner": "nix-systems",
        "repo": "default",
        "rev": "da67096a3b9bf56a91d16901293e51ba5b49a27e",
        "type": "github"
      },
      "original": {
        "owner": "nix-systems",
        "repo": "default",
        "type": "github"
      }
    },
    "systems_2": {
      "locked": {
        "lastModified": 1681028828,
        "narHash": "sha256-Vy1rq5AaRuLzOxct8nz4T6wlgyUR7zLU309k9mBC768=",
        "owner": "nix-systems",
        "repo": "default",
        "rev": "da67096a3b9bf56a91d16901293e51ba5b49a27e",
        "type": "github"
      },
      "original": {
        "owner": "nix-systems",
        "repo": "default",
        "type": "github"
      }
    },
    "toolchain": {
      "inputs": {
        "binutils-gdb": "binutils-gdb",
        "cemu-ti": "cemu-ti",
        "convbin": "convbin",
        "flake-utils": "flake-utils_2",
        "llvm-ez80": "llvm-ez80",
        "nixpkgs": [
          "nixpkgs"
        ],
        "toolchain": "toolchain_2"
      },
      "locked": {
        "lastModified": 1775854925,
        "narHash": "sha256-I9LerKianlzNefb68sq2arjSCkcMktBmkQHEQq2hv4E=",
        "owner": "the-pink-hacker",
        "repo": "ce-toolchain-nix",
        "rev": "887c16c81bf98ecc6d07ed044085d062453d84d1",
        "type": "github"
      },
      "original": {
        "owner": "the-pink-hacker",
        "repo": "ce-toolchain-nix",
        "type": "github"
      }
    },
    "toolchain_2": {
      "flake": false,
      "locked": {
        "lastModified": 1775500866,
        "narHash": "sha256-pkGa7Q3l/7N0g1TXqSBMsR+U2fc4dmYEtQ6VesCyKDA=",
        "ref": "refs/heads/master",
        "rev": "b4c556622be9ead8fb7981b1855218218205a889",
        "revCount": 3215,
        "submodules": true,
        "type": "git",
        "url": "https://github.com/CE-Programming/toolchain"
      },
      "original": {
        "submodules": true,
        "type": "git",
        "url": "https://github.com/CE-Programming/toolchain"
      }
    }
  },
  "root": "root",
  "version": 7
}
